
Microsoft Visual Studio Solution File, Format Version 12.00
# Visual Studio Version 17
VisualStudioVersion = 17.0.32112.339
MinimumVisualStudioVersion = 10.0.40219.1
Project("{FAE04EC0-301F-11D3-BF4B-00C04F79EFBC}") = "MFDictionary", "MFDictionary.csproj", "{BD730853-D5FA-4F51-8961-1071240B3A49}"
EndProject
Project("{9A19103F-16F7-4668-BE54-9A1E7A4F7556}") = "UnitTests", "..\UnitTests\UnitTests.csproj", "{E6DF755A-C471-4A46-9263-AA4C76355A7A}"
EndProject
Global
	GlobalSection(SolutionConfigurationPlatforms) = preSolution
		Debug|Any CPU = Debug|Any CPU
		Release|Any CPU = Release|Any CPU
	EndGlobalSection
	GlobalSection(ProjectConfigurationPlatforms) = postSolution
		{BD730853-D5FA-4F51-8961-1071240B3A49}.Debug|Any CPU.ActiveCfg = Debug|Any CPU
		{BD730853-D5FA-4F51-8961-1071240B3A49}.Debug|Any CPU.Build.0 = Debug|Any CPU
		{BD730853-D5FA-4F51-8961-1071240B3A49}.Release|Any CPU.ActiveCfg = Release|Any CPU
		{BD730853-D5FA-4F51-8961-1071240B3A49}.Release|Any CPU.Build.0 = Release|Any CPU
		{E6DF755A-C471-4A46-9263-AA4C76355A7A}.Debug|Any CPU.ActiveCfg = Debug|Any CPU
		{E6DF755A-C471-4A46-9263-AA4C76355A7A}.Debug|Any CPU.Build.0 = Debug|Any CPU
		{E6DF755A-C471-4A46-9263-AA4C76355A7A}.Release|Any CPU.ActiveCfg = Release|Any CPU
		{E6DF755A-C471-4A46-9263-AA4C76355A7A}.Release|Any CPU.Build.0 = Release|Any CPU
	EndGlobalSection
	GlobalSection(SolutionProperties) = preSolution
		HideSolutionNode = FALSE
	EndGlobalSection
	GlobalSection(ExtensibilityGlobals) = postSolution
		SolutionGuid = {A1CBF3E5-DC31-4864-8A7B-ACEA11BCDFBC}
	EndGlobalSection
EndGlobal
